// !$*UTF8*$!
{
	archiveVersion = 1;
	classes = {
	};
	objectVersion = 55;
	objects = {

/* Begin PBXBuildFile section */
		8CEAAECA281819E4009F7FF5 /* MenubarAppApp.swift in Sources */ = {isa = PBXBuildFile; fileRef = 8CEAAEBA281819E1009F7FF5 /* MenubarAppApp.swift */; };
		8CEAAECB281819E4009F7FF5 /* MenubarAppApp.swift in Sources */ = {isa = PBXBuildFile; fileRef = 8CEAAEBA281819E1009F7FF5 /* MenubarAppApp.swift */; };
		8CEAAECC281819E4009F7FF5 /* ContentView.swift in Sources */ = {isa = PBXBuildFile; fileRef = 8CEAAEBB281819E1009F7FF5 /* ContentView.swift */; };
		8CEAAECD281819E4009F7FF5 /* ContentView.swift in Sources */ = {isa = PBXBuildFile; fileRef = 8CEAAEBB281819E1009F7FF5 /* ContentView.swift */; };
		8CEAAECE281819E4009F7FF5 /* Assets.xcassets in Resources */ = {isa = PBXBuildFile; fileRef = 8CEAAEBC281819E4009F7FF5 /* Assets.xcassets */; };
		8CEAAECF281819E4009F7FF5 /* Assets.xcassets in Resources */ = {isa = PBXBuildFile; fileRef = 8CEAAEBC281819E4009F7FF5 /* Assets.xcassets */; };
		8CEAAEDC28181C73009F7FF5 /* Home.swift in Sources */ = {isa = PBXBuildFile; fileRef = 8CEAAEDB28181C73009F7FF5 /* Home.swift */; };
		8CEAAEDD28181C99009F7FF5 /* Home.swift in Sources */ = {isa = PBXBuildFile; fileRef = 8CEAAEDB28181C73009F7FF5 /* Home.swift */; };
		8CEAAEE02818CACA009F7FF5 /* CryptoModel.swift in Sources */ = {isa = PBXBuildFile; fileRef = 8CEAAEDF2818CACA009F7FF5 /* CryptoModel.swift */; };
		8CEAAEE22818CB23009F7FF5 /* AppViewModel.swift in Sources */ = {isa = PBXBuildFile; fileRef = 8CEAAEE12818CB23009F7FF5 /* AppViewModel.swift */; };
		8CEAAEE42818CB64009F7FF5 /* LineGraph.swift in Sources */ = {isa = PBXBuildFile; fileRef = 8CEAAEE32818CB64009F7FF5 /* LineGraph.swift */; };
		8CEAAEE52818D9B0009F7FF5 /* CryptoModel.swift in Sources */ = {isa = PBXBuildFile; fileRef = 8CEAAEDF2818CACA009F7FF5 /* CryptoModel.swift */; };
		8CEAAEE62818D9B7009F7FF5 /* AppViewModel.swift in Sources */ = {isa = PBXBuildFile; fileRef = 8CEAAEE12818CB23009F7FF5 /* AppViewModel.swift */; };
		8CEAAEE72818D9C5009F7FF5 /* LineGraph.swift in Sources */ = {isa = PBXBuildFile; fileRef = 8CEAAEE32818CB64009F7FF5 /* LineGraph.swift */; };
/* End PBXBuildFile section */

/* Begin PBXFileReference section */
		8CEAAEBA281819E1009F7FF5 /* MenubarAppApp.swift */ = {isa = PBXFileReference; lastKnownFileType = sourcecode.swift; path = MenubarAppApp.swift; sourceTree = "<group>"; };
		8CEAAEBB281819E1009F7FF5 /* ContentView.swift */ = {isa = PBXFileReference; lastKnownFileType = sourcecode.swift; path = ContentView.swift; sourceTree = "<group>"; };
		8CEAAEBC281819E4009F7FF5 /* Assets.xcassets */ = {isa = PBXFileReference; lastKnownFileType = folder.assetcatalog; path = Assets.xcassets; sourceTree = "<group>"; };
		8CEAAEC1281819E4009F7FF5 /* MenubarApp.app */ = {isa = PBXFileReference; explicitFileType = wrapper.application; includeInIndex = 0; path = MenubarApp.app; sourceTree = BUILT_PRODUCTS_DIR; };
		8CEAAEC7281819E4009F7FF5 /* MenubarApp.app */ = {isa = PBXFileReference; explicitFileType = wrapper.application; includeInIndex = 0; path = MenubarApp.app; sourceTree = BUILT_PRODUCTS_DIR; };
		8CEAAEC9281819E4009F7FF5 /* macOS.entitlements */ = {isa = PBXFileReference; lastKnownFileType = text.plist.entitlements; path = macOS.entitlements; sourceTree = "<group>"; };
		8CEAAEDB28181C73009F7FF5 /* Home.swift */ = {isa = PBXFileReference; lastKnownFileType = sourcecode.swift; path = Home.swift; sourceTree = "<group>"; };
		8CEAAEDE2818C2A3009F7FF5 /* MenubarApp--macOS--Info.plist */ = {isa = PBXFileReference; lastKnownFileType = text.plist; path = "MenubarApp--macOS--Info.plist"; sourceTree = "<group>"; };
		8CEAAEDF2818CACA009F7FF5 /* CryptoModel.swift */ = {isa = PBXFileReference; lastKnownFileType = sourcecode.swift; path = CryptoModel.swift; sourceTree = "<group>"; };
		8CEAAEE12818CB23009F7FF5 /* AppViewModel.swift */ = {isa = PBXFileReference; lastKnownFileType = sourcecode.swift; path = AppViewModel.swift; sourceTree = "<group>"; };
		8CEAAEE32818CB64009F7FF5 /* LineGraph.swift */ = {isa = PBXFileReference; lastKnownFileType = sourcecode.swift; path = LineGraph.swift; sourceTree = "<group>"; };
/* End PBXFileReference section */

/* Begin PBXFrameworksBuildPhase section */
		8CEAAEBE281819E4009F7FF5 /* Frameworks */ = {
			isa = PBXFrameworksBuildPhase;
			buildActionMask = 2147483647;
			files = (
			);
			runOnlyForDeploymentPostprocessing = 0;
		};
		8CEAAEC4281819E4009F7FF5 /* Frameworks */ = {
			isa = PBXFrameworksBuildPhase;
			buildActionMask = 2147483647;
			files = (
			);
			runOnlyForDeploymentPostprocessing = 0;
		};
/* End PBXFrameworksBuildPhase section */

/* Begin PBXGroup section */
		8CEAAEB4281819E1009F7FF5 = {
			isa = PBXGroup;
			children = (
				8CEAAEDE2818C2A3009F7FF5 /* MenubarApp--macOS--Info.plist */,
				8CEAAEB9281819E1009F7FF5 /* Shared */,
				8CEAAEC8281819E4009F7FF5 /* macOS */,
				8CEAAEC2281819E4009F7FF5 /* Products */,
			);
			sourceTree = "<group>";
		};
		8CEAAEB9281819E1009F7FF5 /* Shared */ = {
			isa = PBXGroup;
			children = (
				8CEAAEDA28181A0A009F7FF5 /* ViewModel */,
				8CEAAED928181A03009F7FF5 /* View */,
				8CEAAED8281819FE009F7FF5 /* Model */,
				8CEAAEBA281819E1009F7FF5 /* MenubarAppApp.swift */,
				8CEAAEBB281819E1009F7FF5 /* ContentView.swift */,
				8CEAAEBC281819E4009F7FF5 /* Assets.xcassets */,
			);
			path = Shared;
			sourceTree = "<group>";
		};
		8CEAAEC2281819E4009F7FF5 /* Products */ = {
			isa = PBXGroup;
			children = (
				8CEAAEC1281819E4009F7FF5 /* MenubarApp.app */,
				8CEAAEC7281819E4009F7FF5 /* MenubarApp.app */,
			);
			name = Products;
			sourceTree = "<group>";
		};
		8CEAAEC8281819E4009F7FF5 /* macOS */ = {
			isa = PBXGroup;
			children = (
				8CEAAEC9281819E4009F7FF5 /* macOS.entitlements */,
			);
			path = macOS;
			sourceTree = "<group>";
		};
		8CEAAED8281819FE009F7FF5 /* Model */ = {
			isa = PBXGroup;
			children = (
				8CEAAEDF2818CACA009F7FF5 /* CryptoModel.swift */,
			);
			path = Model;
			sourceTree = "<group>";
		};
		8CEAAED928181A03009F7FF5 /* View */ = {
			isa = PBXGroup;
			children = (
				8CEAAEDB28181C73009F7FF5 /* Home.swift */,
				8CEAAEE32818CB64009F7FF5 /* LineGraph.swift */,
			);
			path = View;
			sourceTree = "<group>";
		};
		8CEAAEDA28181A0A009F7FF5 /* ViewModel */ = {
			isa = PBXGroup;
			children = (
				8CEAAEE12818CB23009F7FF5 /* AppViewModel.swift */,
			);
			path = ViewModel;
			sourceTree = "<group>";
		};
/* End PBXGroup section */

/* Begin PBXNativeTarget section */
		8CEAAEC0281819E4009F7FF5 /* MenubarApp (iOS) */ = {
			isa = PBXNativeTarget;
			buildConfigurationList = 8CEAAED2281819E4009F7FF5 /* Build configuration list for PBXNativeTarget "MenubarApp (iOS)" */;
			buildPhases = (
				8CEAAEBD281819E4009F7FF5 /* Sources */,
				8CEAAEBE281819E4009F7FF5 /* Frameworks */,
				8CEAAEBF281819E4009F7FF5 /* Resources */,
			);
			buildRules = (
			);
			dependencies = (
			);
			name = "MenubarApp (iOS)";
			productName = "MenubarApp (iOS)";
			productReference = 8CEAAEC1281819E4009F7FF5 /* MenubarApp.app */;
			productType = "com.apple.product-type.application";
		};
		8CEAAEC6281819E4009F7FF5 /* MenubarApp (macOS) */ = {
			isa = PBXNativeTarget;
			buildConfigurationList = 8CEAAED5281819E4009F7FF5 /* Build configuration list for PBXNativeTarget "MenubarApp (macOS)" */;
			buildPhases = (
				8CEAAEC3281819E4009F7FF5 /* Sources */,
				8CEAAEC4281819E4009F7FF5 /* Frameworks */,
				8CEAAEC5281819E4009F7FF5 /* Resources */,
			);
			buildRules = (
			);
			dependencies = (
			);
			name = "MenubarApp (macOS)";
			productName = "MenubarApp (macOS)";
			productReference = 8CEAAEC7281819E4009F7FF5 /* MenubarApp.app */;
			productType = "com.apple.product-type.application";
		};
/* End PBXNativeTarget section */

/* Begin PBXProject section */
		8CEAAEB5281819E1009F7FF5 /* Project object */ = {
			isa = PBXProject;
			attributes = {
				BuildIndependentTargetsInParallel = 1;
				LastSwiftUpdateCheck = 1330;
				LastUpgradeCheck = 1330;
				TargetAttributes = {
					8CEAAEC0281819E4009F7FF5 = {
						CreatedOnToolsVersion = 13.3;
					};
					8CEAAEC6281819E4009F7FF5 = {
						CreatedOnToolsVersion = 13.3;
					};
				};
			};
			buildConfigurationList = 8CEAAEB8281819E1009F7FF5 /* Build configuration list for PBXProject "MenubarApp" */;
			compatibilityVersion = "Xcode 13.0";
			developmentRegion = en;
			hasScannedForEncodings = 0;
			knownRegions = (
				en,
				Base,
			);
			mainGroup = 8CEAAEB4281819E1009F7FF5;
			productRefGroup = 8CEAAEC2281819E4009F7FF5 /* Products */;
			projectDirPath = "";
			projectRoot = "";
			targets = (
				8CEAAEC0281819E4009F7FF5 /* MenubarApp (iOS) */,
				8CEAAEC6281819E4009F7FF5 /* MenubarApp (macOS) */,
			);
		};
/* End PBXProject section */

/* Begin PBXResourcesBuildPhase section */
		8CEAAEBF281819E4009F7FF5 /* Resources */ = {
			isa = PBXResourcesBuildPhase;
			buildActionMask = 2147483647;
			files = (
				8CEAAECE281819E4009F7FF5 /* Assets.xcassets in Resources */,
			);
			runOnlyForDeploymentPostprocessing = 0;
		};
		8CEAAEC5281819E4009F7FF5 /* Resources */ = {
			isa = PBXResourcesBuildPhase;
			buildActionMask = 2147483647;
			files = (
				8CEAAECF281819E4009F7FF5 /* Assets.xcassets in Resources */,
			);
			runOnlyForDeploymentPostprocessing = 0;
		};
/* End PBXResourcesBuildPhase section */

/* Begin PBXSourcesBuildPhase section */
		8CEAAEBD281819E4009F7FF5 /* Sources */ = {
			isa = PBXSourcesBuildPhase;
			buildActionMask = 2147483647;
			files = (
				8CEAAEE22818CB23009F7FF5 /* AppViewModel.swift in Sources */,
				8CEAAECC281819E4009F7FF5 /* ContentView.swift in Sources */,
				8CEAAEDD28181C99009F7FF5 /* Home.swift in Sources */,
				8CEAAEE02818CACA009F7FF5 /* CryptoModel.swift in Sources */,
				8CEAAEE42818CB64009F7FF5 /* LineGraph.swift in Sources */,
				8CEAAECA281819E4009F7FF5 /* MenubarAppApp.swift in Sources */,
			);
			runOnlyForDeploymentPostprocessing = 0;
		};
		8CEAAEC3281819E4009F7FF5 /* Sources */ = {
			isa = PBXSourcesBuildPhase;
			buildActionMask = 2147483647;
			files = (
				8CEAAEE62818D9B7009F7FF5 /* AppViewModel.swift in Sources */,
				8CEAAECD281819E4009F7FF5 /* ContentView.swift in Sources */,
				8CEAAEDC28181C73009F7FF5 /* Home.swift in Sources */,
				8CEAAEE52818D9B0009F7FF5 /* CryptoModel.swift in Sources */,
				8CEAAEE72818D9C5009F7FF5 /* LineGraph.swift in Sources */,
				8CEAAECB281819E4009F7FF5 /* MenubarAppApp.swift in Sources */,
			);
			runOnlyForDeploymentPostprocessing = 0;
		};
/* End PBXSourcesBuildPhase section */

/* Begin XCBuildConfiguration section */
		8CEAAED0281819E4009F7FF5 /* Debug */ = {
			isa = XCBuildConfiguration;
			buildSettings = {
				ALWAYS_SEARCH_USER_PATHS = NO;
				CLANG_ANALYZER_NONNULL = YES;
				CLANG_ANALYZER_NUMBER_OBJECT_CONVERSION = YES_AGGRESSIVE;
				CLANG_CXX_LANGUAGE_STANDARD = "gnu++17";
				CLANG_ENABLE_MODULES = YES;
				CLANG_ENABLE_OBJC_ARC = YES;
				CLANG_ENABLE_OBJC_WEAK = YES;
				CLANG_WARN_BLOCK_CAPTURE_AUTORELEASING = YES;
				CLANG_WARN_BOOL_CONVERSION = YES;
				CLANG_WARN_COMMA = YES;
				CLANG_WARN_CONSTANT_CONVERSION = YES;
				CLANG_WARN_DEPRECATED_OBJC_IMPLEMENTATIONS = YES;
				CLANG_WARN_DIRECT_OBJC_ISA_USAGE = YES_ERROR;
				CLANG_WARN_DOCUMENTATION_COMMENTS = YES;
				CLANG_WARN_EMPTY_BODY = YES;
				CLANG_WARN_ENUM_CONVERSION = YES;
				CLANG_WARN_INFINITE_RECURSION = YES;
				CLANG_WARN_INT_CONVERSION = YES;
				CLANG_WARN_NON_LITERAL_NULL_CONVERSION = YES;
				CLANG_WARN_OBJC_IMPLICIT_RETAIN_SELF = YES;
				CLANG_WARN_OBJC_LITERAL_CONVERSION = YES;
				CLANG_WARN_OBJC_ROOT_CLASS = YES_ERROR;
				CLANG_WARN_QUOTED_INCLUDE_IN_FRAMEWORK_HEADER = YES;
				CLANG_WARN_RANGE_LOOP_ANALYSIS = YES;
				CLANG_WARN_STRICT_PROTOTYPES = YES;
				CLANG_WARN_SUSPICIOUS_MOVE = YES;
				CLANG_WARN_UNGUARDED_AVAILABILITY = YES_AGGRESSIVE;
				CLANG_WARN_UNREACHABLE_CODE = YES;
				CLANG_WARN__DUPLICATE_METHOD_MATCH = YES;
				COPY_PHASE_STRIP = NO;
				DEBUG_INFORMATION_FORMAT = dwarf;
				ENABLE_STRICT_OBJC_MSGSEND = YES;
				ENABLE_TESTABILITY = YES;
				GCC_C_LANGUAGE_STANDARD = gnu11;
				GCC_DYNAMIC_NO_PIC = NO;
				GCC_NO_COMMON_BLOCKS = YES;
				GCC_OPTIMIZATION_LEVEL = 0;
				GCC_PREPROCESSOR_DEFINITIONS = (
					"DEBUG=1",
					"$(inherited)",
				);
				GCC_WARN_64_TO_32_BIT_CONVERSION = YES;
				GCC_WARN_ABOUT_RETURN_TYPE = YES_ERROR;
				GCC_WARN_UNDECLARED_SELECTOR = YES;
				GCC_WARN_UNINITIALIZED_AUTOS = YES_AGGRESSIVE;
				GCC_WARN_UNUSED_FUNCTION = YES;
				GCC_WARN_UNUSED_VARIABLE = YES;
				MTL_ENABLE_DEBUG_INFO = INCLUDE_SOURCE;
				MTL_FAST_MATH = YES;
				ONLY_ACTIVE_ARCH = YES;
				SWIFT_ACTIVE_COMPILATION_CONDITIONS = DEBUG;
				SWIFT_OPTIMIZATION_LEVEL = "-Onone";
			};
			name = Debug;
		};
		8CEAAED1281819E4009F7FF5 /* Release */ = {
			isa = XCBuildConfiguration;
			buildSettings = {
				ALWAYS_SEARCH_USER_PATHS = NO;
				CLANG_ANALYZER_NONNULL = YES;
				CLANG_ANALYZER_NUMBER_OBJECT_CONVERSION = YES_AGGRESSIVE;
				CLANG_CXX_LANGUAGE_STANDARD = "gnu++17";
				CLANG_ENABLE_MODULES = YES;
				CLANG_ENABLE_OBJC_ARC = YES;
				CLANG_ENABLE_OBJC_WEAK = YES;
				CLANG_WARN_BLOCK_CAPTURE_AUTORELEASING = YES;
				CLANG_WARN_BOOL_CONVERSION = YES;
				CLANG_WARN_COMMA = YES;
				CLANG_WARN_CONSTANT_CONVERSION = YES;
				CLANG_WARN_DEPRECATED_OBJC_IMPLEMENTATIONS = YES;
				CLANG_WARN_DIRECT_OBJC_ISA_USAGE = YES_ERROR;
				CLANG_WARN_DOCUMENTATION_COMMENTS = YES;
				CLANG_WARN_EMPTY_BODY = YES;
				CLANG_WARN_ENUM_CONVERSION = YES;
				CLANG_WARN_INFINITE_RECURSION = YES;
				CLANG_WARN_INT_CONVERSION = YES;
				CLANG_WARN_NON_LITERAL_NULL_CONVERSION = YES;
				CLANG_WARN_OBJC_IMPLICIT_RETAIN_SELF = YES;
				CLANG_WARN_OBJC_LITERAL_CONVERSION = YES;
				CLANG_WARN_OBJC_ROOT_CLASS = YES_ERROR;
				CLANG_WARN_QUOTED_INCLUDE_IN_FRAMEWORK_HEADER = YES;
				CLANG_WARN_RANGE_LOOP_ANALYSIS = YES;
				CLANG_WARN_STRICT_PROTOTYPES = YES;
				CLANG_WARN_SUSPICIOUS_MOVE = YES;
				CLANG_WARN_UNGUARDED_AVAILABILITY = YES_AGGRESSIVE;
				CLANG_WARN_UNREACHABLE_CODE = YES;
				CLANG_WARN__DUPLICATE_METHOD_MATCH = YES;
				COPY_PHASE_STRIP = NO;
				DEBUG_INFORMATION_FORMAT = "dwarf-with-dsym";
				ENABLE_NS_ASSERTIONS = NO;
				ENABLE_STRICT_OBJC_MSGSEND = YES;
				GCC_C_LANGUAGE_STANDARD = gnu11;
				GCC_NO_COMMON_BLOCKS = YES;
				GCC_WARN_64_TO_32_BIT_CONVERSION = YES;
				GCC_WARN_ABOUT_RETURN_TYPE = YES_ERROR;
				GCC_WARN_UNDECLARED_SELECTOR = YES;
				GCC_WARN_UNINITIALIZED_AUTOS = YES_AGGRESSIVE;
				GCC_WARN_UNUSED_FUNCTION = YES;
				GCC_WARN_UNUSED_VARIABLE = YES;
				MTL_ENABLE_DEBUG_INFO = NO;
				MTL_FAST_MATH = YES;
				SWIFT_COMPILATION_MODE = wholemodule;
				SWIFT_OPTIMIZATION_LEVEL = "-O";
			};
			name = Release;
		};
		8CEAAED3281819E4009F7FF5 /* Debug */ = {
			isa = XCBuildConfiguration;
			buildSettings = {
				ASSETCATALOG_COMPILER_APPICON_NAME = AppIcon;
				ASSETCATALOG_COMPILER_GLOBAL_ACCENT_COLOR_NAME = AccentColor;
				CODE_SIGN_STYLE = Automatic;
				CURRENT_PROJECT_VERSION = 1;
				DEVELOPMENT_TEAM = 4896ZP32KP;
				ENABLE_PREVIEWS = YES;
				GENERATE_INFOPLIST_FILE = YES;
				INFOPLIST_KEY_UIApplicationSceneManifest_Generation = YES;
				INFOPLIST_KEY_UIApplicationSupportsIndirectInputEvents = YES;
				INFOPLIST_KEY_UILaunchScreen_Generation = YES;
				INFOPLIST_KEY_UISupportedInterfaceOrientations_iPad = "UIInterfaceOrientationPortrait UIInterfaceOrientationPortraitUpsideDown UIInterfaceOrientationLandscapeLeft UIInterfaceOrientationLandscapeRight";
				INFOPLIST_KEY_UISupportedInterfaceOrientations_iPhone = "UIInterfaceOrientationPortrait UIInterfaceOrientationLandscapeLeft UIInterfaceOrientationLandscapeRight";
				IPHONEOS_DEPLOYMENT_TARGET = 15.4;
				LD_RUNPATH_SEARCH_PATHS = (
					"$(inherited)",
					"@executable_path/Frameworks",
				);
				MARKETING_VERSION = 1.0;
				PRODUCT_BUNDLE_IDENTIFIER = com.example.markiiimark.MenubarApp;
				PRODUCT_NAME = MenubarApp;
				SDKROOT = iphoneos;
				SWIFT_EMIT_LOC_STRINGS = YES;
				SWIFT_VERSION = 5.0;
				TARGETED_DEVICE_FAMILY = "1,2";
			};
			name = Debug;
		};
		8CEAAED4281819E4009F7FF5 /* Release */ = {
			isa = XCBuildConfiguration;
			buildSettings = {
				ASSETCATALOG_COMPILER_APPICON_NAME = AppIcon;
				ASSETCATALOG_COMPILER_GLOBAL_ACCENT_COLOR_NAME = AccentColor;
				CODE_SIGN_STYLE = Automatic;
				CURRENT_PROJECT_VERSION = 1;
				DEVELOPMENT_TEAM = 4896ZP32KP;
				ENABLE_PREVIEWS = YES;
				GENERATE_INFOPLIST_FILE = YES;
				INFOPLIST_KEY_UIApplicationSceneManifest_Generation = YES;
				INFOPLIST_KEY_UIApplicationSupportsIndirectInputEvents = YES;
				INFOPLIST_KEY_UILaunchScreen_Generation = YES;
				INFOPLIST_KEY_UISupportedInterfaceOrientations_iPad = "UIInterfaceOrientationPortrait UIInterfaceOrientationPortraitUpsideDown UIInterfaceOrientationLandscapeLeft UIInterfaceOrientationLandscapeRight";
				INFOPLIST_KEY_UISupportedInterfaceOrientations_iPhone = "UIInterfaceOrientationPortrait UIInterfaceOrientationLandscapeLeft UIInterfaceOrientationLandscapeRight";
				IPHONEOS_DEPLOYMENT_TARGET = 15.4;
				LD_RUNPATH_SEARCH_PATHS = (
					"$(inherited)",
					"@executable_path/Frameworks",
				);
				MARKETING_VERSION = 1.0;
				PRODUCT_BUNDLE_IDENTIFIER = com.example.markiiimark.MenubarApp;
				PRODUCT_NAME = MenubarApp;
				SDKROOT = iphoneos;
				SWIFT_EMIT_LOC_STRINGS = YES;
				SWIFT_VERSION = 5.0;
				TARGETED_DEVICE_FAMILY = "1,2";
				VALIDATE_PRODUCT = YES;
			};
			name = Release;
		};
		8CEAAED6281819E4009F7FF5 /* Debug */ = {
			isa = XCBuildConfiguration;
			buildSettings = {
				ASSETCATALOG_COMPILER_APPICON_NAME = AppIcon;
				ASSETCATALOG_COMPILER_GLOBAL_ACCENT_COLOR_NAME = AccentColor;
				CODE_SIGN_ENTITLEMENTS = macOS/macOS.entitlements;
				CODE_SIGN_STYLE = Automatic;
				COMBINE_HIDPI_IMAGES = YES;
				CURRENT_PROJECT_VERSION = 1;
				DEVELOPMENT_TEAM = 4896ZP32KP;
				ENABLE_HARDENED_RUNTIME = YES;
				ENABLE_PREVIEWS = YES;
				GENERATE_INFOPLIST_FILE = YES;
				INFOPLIST_FILE = "MenubarApp--macOS--Info.plist";
				INFOPLIST_KEY_NSHumanReadableCopyright = "";
				LD_RUNPATH_SEARCH_PATHS = (
					"$(inherited)",
					"@executable_path/../Frameworks",
				);
				MACOSX_DEPLOYMENT_TARGET = 12.3;
				MARKETING_VERSION = 1.0;
				PRODUCT_BUNDLE_IDENTIFIER = com.example.markiiimark.MenubarApp;
				PRODUCT_NAME = MenubarApp;
				SDKROOT = macosx;
				SWIFT_EMIT_LOC_STRINGS = YES;
				SWIFT_VERSION = 5.0;
			};
			name = Debug;
		};
		8CEAAED7281819E4009F7FF5 /* Release */ = {
			isa = XCBuildConfiguration;
			buildSettings = {
				ASSETCATALOG_COMPILER_APPICON_NAME = AppIcon;
				ASSETCATALOG_COMPILER_GLOBAL_ACCENT_COLOR_NAME = AccentColor;
				CODE_SIGN_ENTITLEMENTS = macOS/macOS.entitlements;
				CODE_SIGN_STYLE = Automatic;
				COMBINE_HIDPI_IMAGES = YES;
				CURRENT_PROJECT_VERSION = 1;
				DEVELOPMENT_TEAM = 4896ZP32KP;
				ENABLE_HARDENED_RUNTIME = YES;
				ENABLE_PREVIEWS = YES;
				GENERATE_INFOPLIST_FILE = YES;
				INFOPLIST_FILE = "MenubarApp--macOS--Info.plist";
				INFOPLIST_KEY_NSHumanReadableCopyright = "";
				LD_RUNPATH_SEARCH_PATHS = (
					"$(inherited)",
					"@executable_path/../Frameworks",
				);
				MACOSX_DEPLOYMENT_TARGET = 12.3;
				MARKETING_VERSION = 1.0;
				PRODUCT_BUNDLE_IDENTIFIER = com.example.markiiimark.MenubarApp;
				PRODUCT_NAME = MenubarApp;
				SDKROOT = macosx;
				SWIFT_EMIT_LOC_STRINGS = YES;
				SWIFT_VERSION = 5.0;
			};
			name = Release;
		};
/* End XCBuildConfiguration section */

/* Begin XCConfigurationList section */
		8CEAAEB8281819E1009F7FF5 /* Build configuration list for PBXProject "MenubarApp" */ = {
			isa = XCConfigurationList;
			buildConfigurations = (
				8CEAAED0281819E4009F7FF5 /* Debug */,
				8CEAAED1281819E4009F7FF5 /* Release */,
			);
			defaultConfigurationIsVisible = 0;
			defaultConfigurationName = Release;
		};
		8CEAAED2281819E4009F7FF5 /* Build configuration list for PBXNativeTarget "MenubarApp (iOS)" */ = {
			isa = XCConfigurationList;
			buildConfigurations = (
				8CEAAED3281819E4009F7FF5 /* Debug */,
				8CEAAED4281819E4009F7FF5 /* Release */,
			);
			defaultConfigurationIsVisible = 0;
			defaultConfigurationName = Release;
		};
		8CEAAED5281819E4009F7FF5 /* Build configuration list for PBXNativeTarget "MenubarApp (macOS)" */ = {
			isa = XCConfigurationList;
			buildConfigurations = (
				8CEAAED6281819E4009F7FF5 /* Debug */,
				8CEAAED7281819E4009F7FF5 /* Release */,
			);
			defaultConfigurationIsVisible = 0;
			defaultConfigurationName = Release;
		};
/* End XCConfigurationList section */
	};
	rootObject = 8CEAAEB5281819E1009F7FF5 /* Project object */;
}
